// !$*UTF8*$!
{
	archiveVersion = 1;
	classes = {
	};
	objectVersion = 46;
	objects = {

/* Begin PBXBuildFile section */
		3B2832A11BDEB0BA00DA5F46 /* main.m in Sources */ = {isa = PBXBuildFile; fileRef = 3B2832A01BDEB0BA00DA5F46 /* main.m */; };
		3B2832A41BDEB0BA00DA5F46 /* AppDelegate.m in Sources */ = {isa = PBXBuildFile; fileRef = 3B2832A31BDEB0BA00DA5F46 /* AppDelegate.m */; };
		3B2832A71BDEB0BA00DA5F46 /* ViewController.m in Sources */ = {isa = PBXBuildFile; fileRef = 3B2832A61BDEB0BA00DA5F46 /* ViewController.m */; };
		3B2832AA1BDEB0BA00DA5F46 /* Main.storyboard in Resources */ = {isa = PBXBuildFile; fileRef = 3B2832A81BDEB0BA00DA5F46 /* Main.storyboard */; };
		3B2832AC1BDEB0BA00DA5F46 /* Assets.xcassets in Resources */ = {isa = PBXBuildFile; fileRef = 3B2832AB1BDEB0BA00DA5F46 /* Assets.xcassets */; };
		3B2832AF1BDEB0BA00DA5F46 /* LaunchScreen.storyboard in Resources */ = {isa = PBXBuildFile; fileRef = 3B2832AD1BDEB0BA00DA5F46 /* LaunchScreen.storyboard */; };
		3B2832BA1BDEB0BA00DA5F46 /* ios_trainning_exerciseTests.m in Sources */ = {isa = PBXBuildFile; fileRef = 3B2832B91BDEB0BA00DA5F46 /* ios_trainning_exerciseTests.m */; };
		3B2832C51BDEB0BB00DA5F46 /* ios_trainning_exerciseUITests.m in Sources */ = {isa = PBXBuildFile; fileRef = 3B2832C41BDEB0BB00DA5F46 /* ios_trainning_exerciseUITests.m */; };
/* End PBXBuildFile section */

/* Begin PBXContainerItemProxy section */
		3B2832B61BDEB0BA00DA5F46 /* PBXContainerItemProxy */ = {
			isa = PBXContainerItemProxy;
			containerPortal = 3B2832941BDEB0BA00DA5F46 /* Project object */;
			proxyType = 1;
			remoteGlobalIDString = 3B28329B1BDEB0BA00DA5F46;
			remoteInfo = "ios-trainning-exercise";
		};
		3B2832C11BDEB0BB00DA5F46 /* PBXContainerItemProxy */ = {
			isa = PBXContainerItemProxy;
			containerPortal = 3B2832941BDEB0BA00DA5F46 /* Project object */;
			proxyType = 1;
			remoteGlobalIDString = 3B28329B1BDEB0BA00DA5F46;
			remoteInfo = "ios-trainning-exercise";
		};
/* End PBXContainerItemProxy section */

/* Begin PBXFileReference section */
		3B28329C1BDEB0BA00DA5F46 /* ios-trainning-exercise.app */ = {isa = PBXFileReference; explicitFileType = wrapper.application; includeInIndex = 0; path = "ios-trainning-exercise.app"; sourceTree = BUILT_PRODUCTS_DIR; };
		3B2832A01BDEB0BA00DA5F46 /* main.m */ = {isa = PBXFileReference; lastKnownFileType = sourcecode.c.objc; path = main.m; sourceTree = "<group>"; };
		3B2832A21BDEB0BA00DA5F46 /* AppDelegate.h */ = {isa = PBXFileReference; lastKnownFileType = sourcecode.c.h; path = AppDelegate.h; sourceTree = "<group>"; };
		3B2832A31BDEB0BA00DA5F46 /* AppDelegate.m */ = {isa = PBXFileReference; lastKnownFileType = sourcecode.c.objc; path = AppDelegate.m; sourceTree = "<group>"; };
		3B2832A51BDEB0BA00DA5F46 /* ViewController.h */ = {isa = PBXFileReference; lastKnownFileType = sourcecode.c.h; path = ViewController.h; sourceTree = "<group>"; };
		3B2832A61BDEB0BA00DA5F46 /* ViewController.m */ = {isa = PBXFileReference; lastKnownFileType = sourcecode.c.objc; path = ViewController.m; sourceTree = "<group>"; };
		3B2832A91BDEB0BA00DA5F46 /* Base */ = {isa = PBXFileReference; lastKnownFileType = file.storyboard; name = Base; path = Base.lproj/Main.storyboard; sourceTree = "<group>"; };
		3B2832AB1BDEB0BA00DA5F46 /* Assets.xcassets */ = {isa = PBXFileReference; lastKnownFileType = folder.assetcatalog; path = Assets.xcassets; sourceTree = "<group>"; };
		3B2832AE1BDEB0BA00DA5F46 /* Base */ = {isa = PBXFileReference; lastKnownFileType = file.storyboard; name = Base; path = Base.lproj/LaunchScreen.storyboard; sourceTree = "<group>"; };
		3B2832B01BDEB0BA00DA5F46 /* Info.plist */ = {isa = PBXFileReference; lastKnownFileType = text.plist.xml; path = Info.plist; sourceTree = "<group>"; };
		3B2832B51BDEB0BA00DA5F46 /* ios-trainning-exerciseTests.xctest */ = {isa = PBXFileReference; explicitFileType = wrapper.cfbundle; includeInIndex = 0; path = "ios-trainning-exerciseTests.xctest"; sourceTree = BUILT_PRODUCTS_DIR; };
		3B2832B91BDEB0BA00DA5F46 /* ios_trainning_exerciseTests.m */ = {isa = PBXFileReference; lastKnownFileType = sourcecode.c.objc; path = ios_trainning_exerciseTests.m; sourceTree = "<group>"; };
		3B2832BB1BDEB0BB00DA5F46 /* Info.plist */ = {isa = PBXFileReference; lastKnownFileType = text.plist.xml; path = Info.plist; sourceTree = "<group>"; };
		3B2832C01BDEB0BB00DA5F46 /* ios-trainning-exerciseUITests.xctest */ = {isa = PBXFileReference; explicitFileType = wrapper.cfbundle; includeInIndex = 0; path = "ios-trainning-exerciseUITests.xctest"; sourceTree = BUILT_PRODUCTS_DIR; };
		3B2832C41BDEB0BB00DA5F46 /* ios_trainning_exerciseUITests.m */ = {isa = PBXFileReference; lastKnownFileType = sourcecode.c.objc; path = ios_trainning_exerciseUITests.m; sourceTree = "<group>"; };
		3B2832C61BDEB0BB00DA5F46 /* Info.plist */ = {isa = PBXFileReference; lastKnownFileType = text.plist.xml; path = Info.plist; sourceTree = "<group>"; };
/* End PBXFileReference section */

/* Begin PBXFrameworksBuildPhase section */
		3B2832991BDEB0BA00DA5F46 /* Frameworks */ = {
			isa = PBXFrameworksBuildPhase;
			buildActionMask = 2147483647;
			files = (
			);
			runOnlyForDeploymentPostprocessing = 0;
		};
		3B2832B21BDEB0BA00DA5F46 /* Frameworks */ = {
			isa = PBXFrameworksBuildPhase;
			buildActionMask = 2147483647;
			files = (
			);
			runOnlyForDeploymentPostprocessing = 0;
		};
		3B2832BD1BDEB0BB00DA5F46 /* Frameworks */ = {
			isa = PBXFrameworksBuildPhase;
			buildActionMask = 2147483647;
			files = (
			);
			runOnlyForDeploymentPostprocessing = 0;
		};
/* End PBXFrameworksBuildPhase section */

/* Begin PBXGroup section */
		3B2832931BDEB0BA00DA5F46 = {
			isa = PBXGroup;
			children = (
				3B28329E1BDEB0BA00DA5F46 /* ios-trainning-exercise */,
				3B2832B81BDEB0BA00DA5F46 /* ios-trainning-exerciseTests */,
				3B2832C31BDEB0BB00DA5F46 /* ios-trainning-exerciseUITests */,
				3B28329D1BDEB0BA00DA5F46 /* Products */,
			);
			sourceTree = "<group>";
		};
		3B28329D1BDEB0BA00DA5F46 /* Products */ = {
			isa = PBXGroup;
			children = (
				3B28329C1BDEB0BA00DA5F46 /* ios-trainning-exercise.app */,
				3B2832B51BDEB0BA00DA5F46 /* ios-trainning-exerciseTests.xctest */,
				3B2832C01BDEB0BB00DA5F46 /* ios-trainning-exerciseUITests.xctest */,
			);
			name = Products;
			sourceTree = "<group>";
		};
		3B28329E1BDEB0BA00DA5F46 /* ios-trainning-exercise */ = {
			isa = PBXGroup;
			children = (
				3B2832A21BDEB0BA00DA5F46 /* AppDelegate.h */,
				3B2832A31BDEB0BA00DA5F46 /* AppDelegate.m */,
				3B2832A51BDEB0BA00DA5F46 /* ViewController.h */,
				3B2832A61BDEB0BA00DA5F46 /* ViewController.m */,
				3B2832A81BDEB0BA00DA5F46 /* Main.storyboard */,
				3B2832AB1BDEB0BA00DA5F46 /* Assets.xcassets */,
				3B2832AD1BDEB0BA00DA5F46 /* LaunchScreen.storyboard */,
				3B2832B01BDEB0BA00DA5F46 /* Info.plist */,
				3B28329F1BDEB0BA00DA5F46 /* Supporting Files */,
			);
			path = "ios-trainning-exercise";
			sourceTree = "<group>";
		};
		3B28329F1BDEB0BA00DA5F46 /* Supporting Files */ = {
			isa = PBXGroup;
			children = (
				3B2832A01BDEB0BA00DA5F46 /* main.m */,
			);
			name = "Supporting Files";
			sourceTree = "<group>";
		};
		3B2832B81BDEB0BA00DA5F46 /* ios-trainning-exerciseTests */ = {
			isa = PBXGroup;
			children = (
				3B2832B91BDEB0BA00DA5F46 /* ios_trainning_exerciseTests.m */,
				3B2832BB1BDEB0BB00DA5F46 /* Info.plist */,
			);
			path = "ios-trainning-exerciseTests";
			sourceTree = "<group>";
		};
		3B2832C31BDEB0BB00DA5F46 /* ios-trainning-exerciseUITests */ = {
			isa = PBXGroup;
			children = (
				3B2832C41BDEB0BB00DA5F46 /* ios_trainning_exerciseUITests.m */,
				3B2832C61BDEB0BB00DA5F46 /* Info.plist */,
			);
			path = "ios-trainning-exerciseUITests";
			sourceTree = "<group>";
		};
/* End PBXGroup section */

/* Begin PBXNativeTarget section */
		3B28329B1BDEB0BA00DA5F46 /* ios-trainning-exercise */ = {
			isa = PBXNativeTarget;
			buildConfigurationList = 3B2832C91BDEB0BB00DA5F46 /* Build configuration list for PBXNativeTarget "ios-trainning-exercise" */;
			buildPhases = (
				3B2832981BDEB0BA00DA5F46 /* Sources */,
				3B2832991BDEB0BA00DA5F46 /* Frameworks */,
				3B28329A1BDEB0BA00DA5F46 /* Resources */,
			);
			buildRules = (
			);
			dependencies = (
			);
			name = "ios-trainning-exercise";
			productName = "ios-trainning-exercise";
			productReference = 3B28329C1BDEB0BA00DA5F46 /* ios-trainning-exercise.app */;
			productType = "com.apple.product-type.application";
		};
		3B2832B41BDEB0BA00DA5F46 /* ios-trainning-exerciseTests */ = {
			isa = PBXNativeTarget;
			buildConfigurationList = 3B2832CC1BDEB0BB00DA5F46 /* Build configuration list for PBXNativeTarget "ios-trainning-exerciseTests" */;
			buildPhases = (
				3B2832B11BDEB0BA00DA5F46 /* Sources */,
				3B2832B21BDEB0BA00DA5F46 /* Frameworks */,
				3B2832B31BDEB0BA00DA5F46 /* Resources */,
			);
			buildRules = (
			);
			dependencies = (
				3B2832B71BDEB0BA00DA5F46 /* PBXTargetDependency */,
			);
			name = "ios-trainning-exerciseTests";
			productName = "ios-trainning-exerciseTests";
			productReference = 3B2832B51BDEB0BA00DA5F46 /* ios-trainning-exerciseTests.xctest */;
			productType = "com.apple.product-type.bundle.unit-test";
		};
		3B2832BF1BDEB0BB00DA5F46 /* ios-trainning-exerciseUITests */ = {
			isa = PBXNativeTarget;
			buildConfigurationList = 3B2832CF1BDEB0BB00DA5F46 /* Build configuration list for PBXNativeTarget "ios-trainning-exerciseUITests" */;
			buildPhases = (
				3B2832BC1BDEB0BB00DA5F46 /* Sources */,
				3B2832BD1BDEB0BB00DA5F46 /* Frameworks */,
				3B2832BE1BDEB0BB00DA5F46 /* Resources */,
			);
			buildRules = (
			);
			dependencies = (
				3B2832C21BDEB0BB00DA5F46 /* PBXTargetDependency */,
			);
			name = "ios-trainning-exerciseUITests";
			productName = "ios-trainning-exerciseUITests";
			productReference = 3B2832C01BDEB0BB00DA5F46 /* ios-trainning-exerciseUITests.xctest */;
			productType = "com.apple.product-type.bundle.ui-testing";
		};
/* End PBXNativeTarget section */

/* Begin PBXProject section */
		3B2832941BDEB0BA00DA5F46 /* Project object */ = {
			isa = PBXProject;
			attributes = {
				LastUpgradeCheck = 0710;
				ORGANIZATIONNAME = "Treinamento Mobile";
				TargetAttributes = {
					3B28329B1BDEB0BA00DA5F46 = {
						CreatedOnToolsVersion = 7.1;
					};
					3B2832B41BDEB0BA00DA5F46 = {
						CreatedOnToolsVersion = 7.1;
						TestTargetID = 3B28329B1BDEB0BA00DA5F46;
					};
					3B2832BF1BDEB0BB00DA5F46 = {
						CreatedOnToolsVersion = 7.1;
						TestTargetID = 3B28329B1BDEB0BA00DA5F46;
					};
				};
			};
			buildConfigurationList = 3B2832971BDEB0BA00DA5F46 /* Build configuration list for PBXProject "ios-trainning-exercise" */;
			compatibilityVersion = "Xcode 3.2";
			developmentRegion = English;
			hasScannedForEncodings = 0;
			knownRegions = (
				en,
				Base,
			);
			mainGroup = 3B2832931BDEB0BA00DA5F46;
			productRefGroup = 3B28329D1BDEB0BA00DA5F46 /* Products */;
			projectDirPath = "";
			projectRoot = "";
			targets = (
				3B28329B1BDEB0BA00DA5F46 /* ios-trainning-exercise */,
				3B2832B41BDEB0BA00DA5F46 /* ios-trainning-exerciseTests */,
				3B2832BF1BDEB0BB00DA5F46 /* ios-trainning-exerciseUITests */,
			);
		};
/* End PBXProject section */

/* Begin PBXResourcesBuildPhase section */
		3B28329A1BDEB0BA00DA5F46 /* Resources */ = {
			isa = PBXResourcesBuildPhase;
			buildActionMask = 2147483647;
			files = (
				3B2832AF1BDEB0BA00DA5F46 /* LaunchScreen.storyboard in Resources */,
				3B2832AC1BDEB0BA00DA5F46 /* Assets.xcassets in Resources */,
				3B2832AA1BDEB0BA00DA5F46 /* Main.storyboard in Resources */,
			);
			runOnlyForDeploymentPostprocessing = 0;
		};
		3B2832B31BDEB0BA00DA5F46 /* Resources */ = {
			isa = PBXResourcesBuildPhase;
			buildActionMask = 2147483647;
			files = (
			);
			runOnlyForDeploymentPostprocessing = 0;
		};
		3B2832BE1BDEB0BB00DA5F46 /* Resources */ = {
			isa = PBXResourcesBuildPhase;
			buildActionMask = 2147483647;
			files = (
			);
			runOnlyForDeploymentPostprocessing = 0;
		};
/* End PBXResourcesBuildPhase section */

/* Begin PBXSourcesBuildPhase section */
		3B2832981BDEB0BA00DA5F46 /* Sources */ = {
			isa = PBXSourcesBuildPhase;
			buildActionMask = 2147483647;
			files = (
				3B2832A71BDEB0BA00DA5F46 /* ViewController.m in Sources */,
				3B2832A41BDEB0BA00DA5F46 /* AppDelegate.m in Sources */,
				3B2832A11BDEB0BA00DA5F46 /* main.m in Sources */,
			);
			runOnlyForDeploymentPostprocessing = 0;
		};
		3B2832B11BDEB0BA00DA5F46 /* Sources */ = {
			isa = PBXSourcesBuildPhase;
			buildActionMask = 2147483647;
			files = (
				3B2832BA1BDEB0BA00DA5F46 /* ios_trainning_exerciseTests.m in Sources */,
			);
			runOnlyForDeploymentPostprocessing = 0;
		};
		3B2832BC1BDEB0BB00DA5F46 /* Sources */ = {
			isa = PBXSourcesBuildPhase;
			buildActionMask = 2147483647;
			files = (
				3B2832C51BDEB0BB00DA5F46 /* ios_trainning_exerciseUITests.m in Sources */,
			);
			runOnlyForDeploymentPostprocessing = 0;
		};
/* End PBXSourcesBuildPhase section */

/* Begin PBXTargetDependency section */
		3B2832B71BDEB0BA00DA5F46 /* PBXTargetDependency */ = {
			isa = PBXTargetDependency;
			target = 3B28329B1BDEB0BA00DA5F46 /* ios-trainning-exercise */;
			targetProxy = 3B2832B61BDEB0BA00DA5F46 /* PBXContainerItemProxy */;
		};
		3B2832C21BDEB0BB00DA5F46 /* PBXTargetDependency */ = {
			isa = PBXTargetDependency;
			target = 3B28329B1BDEB0BA00DA5F46 /* ios-trainning-exercise */;
			targetProxy = 3B2832C11BDEB0BB00DA5F46 /* PBXContainerItemProxy */;
		};
/* End PBXTargetDependency section */

/* Begin PBXVariantGroup section */
		3B2832A81BDEB0BA00DA5F46 /* Main.storyboard */ = {
			isa = PBXVariantGroup;
			children = (
				3B2832A91BDEB0BA00DA5F46 /* Base */,
			);
			name = Main.storyboard;
			sourceTree = "<group>";
		};
		3B2832AD1BDEB0BA00DA5F46 /* LaunchScreen.storyboard */ = {
			isa = PBXVariantGroup;
			children = (
				3B2832AE1BDEB0BA00DA5F46 /* Base */,
			);
			name = LaunchScreen.storyboard;
			sourceTree = "<group>";
		};
/* End PBXVariantGroup section */

/* Begin XCBuildConfiguration section */
		3B2832C71BDEB0BB00DA5F46 /* Debug */ = {
			isa = XCBuildConfiguration;
			buildSettings = {
				ALWAYS_SEARCH_USER_PATHS = NO;
				CLANG_CXX_LANGUAGE_STANDARD = "gnu++0x";
				CLANG_CXX_LIBRARY = "libc++";
				CLANG_ENABLE_MODULES = YES;
				CLANG_ENABLE_OBJC_ARC = YES;
				CLANG_WARN_BOOL_CONVERSION = YES;
				CLANG_WARN_CONSTANT_CONVERSION = YES;
				CLANG_WARN_DIRECT_OBJC_ISA_USAGE = YES_ERROR;
				CLANG_WARN_EMPTY_BODY = YES;
				CLANG_WARN_ENUM_CONVERSION = YES;
				CLANG_WARN_INT_CONVERSION = YES;
				CLANG_WARN_OBJC_ROOT_CLASS = YES_ERROR;
				CLANG_WARN_UNREACHABLE_CODE = YES;
				CLANG_WARN__DUPLICATE_METHOD_MATCH = YES;
				"CODE_SIGN_IDENTITY[sdk=iphoneos*]" = "iPhone Developer";
				COPY_PHASE_STRIP = NO;
				DEBUG_INFORMATION_FORMAT = dwarf;
				ENABLE_STRICT_OBJC_MSGSEND = YES;
				ENABLE_TESTABILITY = YES;
				GCC_C_LANGUAGE_STANDARD = gnu99;
				GCC_DYNAMIC_NO_PIC = NO;
				GCC_NO_COMMON_BLOCKS = YES;
				GCC_OPTIMIZATION_LEVEL = 0;
				GCC_PREPROCESSOR_DEFINITIONS = (
					"DEBUG=1",
					"$(inherited)",
				);
				GCC_WARN_64_TO_32_BIT_CONVERSION = YES;
				GCC_WARN_ABOUT_RETURN_TYPE = YES_ERROR;
				GCC_WARN_UNDECLARED_SELECTOR = YES;
				GCC_WARN_UNINITIALIZED_AUTOS = YES_AGGRESSIVE;
				GCC_WARN_UNUSED_FUNCTION = YES;
				GCC_WARN_UNUSED_VARIABLE = YES;
				IPHONEOS_DEPLOYMENT_TARGET = 9.1;
				MTL_ENABLE_DEBUG_INFO = YES;
				ONLY_ACTIVE_ARCH = YES;
				SDKROOT = iphoneos;
				TARGETED_DEVICE_FAMILY = "1,2";
			};
			name = Debug;
		};
		3B2832C81BDEB0BB00DA5F46 /* Release */ = {
			isa = XCBuildConfiguration;
			buildSettings = {
				ALWAYS_SEARCH_USER_PATHS = NO;
				CLANG_CXX_LANGUAGE_STANDARD = "gnu++0x";
				CLANG_CXX_LIBRARY = "libc++";
				CLANG_ENABLE_MODULES = YES;
				CLANG_ENABLE_OBJC_ARC = YES;
				CLANG_WARN_BOOL_CONVERSION = YES;
				CLANG_WARN_CONSTANT_CONVERSION = YES;
				CLANG_WARN_DIRECT_OBJC_ISA_USAGE = YES_ERROR;
				CLANG_WARN_EMPTY_BODY = YES;
				CLANG_WARN_ENUM_CONVERSION = YES;
				CLANG_WARN_INT_CONVERSION = YES;
				CLANG_WARN_OBJC_ROOT_CLASS = YES_ERROR;
				CLANG_WARN_UNREACHABLE_CODE = YES;
				CLANG_WARN__DUPLICATE_METHOD_MATCH = YES;
				"CODE_SIGN_IDENTITY[sdk=iphoneos*]" = "iPhone Developer";
				COPY_PHASE_STRIP = NO;
				DEBUG_INFORMATION_FORMAT = "dwarf-with-dsym";
				ENABLE_NS_ASSERTIONS = NO;
				ENABLE_STRICT_OBJC_MSGSEND = YES;
				GCC_C_LANGUAGE_STANDARD = gnu99;
				GCC_NO_COMMON_BLOCKS = YES;
				GCC_WARN_64_TO_32_BIT_CONVERSION = YES;
				GCC_WARN_ABOUT_RETURN_TYPE = YES_ERROR;
				GCC_WARN_UNDECLARED_SELECTOR = YES;
				GCC_WARN_UNINITIALIZED_AUTOS = YES_AGGRESSIVE;
				GCC_WARN_UNUSED_FUNCTION = YES;
				GCC_WARN_UNUSED_VARIABLE = YES;
				IPHONEOS_DEPLOYMENT_TARGET = 9.1;
				MTL_ENABLE_DEBUG_INFO = NO;
				SDKROOT = iphoneos;
				TARGETED_DEVICE_FAMILY = "1,2";
				VALIDATE_PRODUCT = YES;
			};
			name = Release;
		};
		3B2832CA1BDEB0BB00DA5F46 /* Debug */ = {
			isa = XCBuildConfiguration;
			buildSettings = {
				ASSETCATALOG_COMPILER_APPICON_NAME = AppIcon;
				INFOPLIST_FILE = "ios-trainning-exercise/Info.plist";
				LD_RUNPATH_SEARCH_PATHS = "$(inherited) @executable_path/Frameworks";
				PRODUCT_BUNDLE_IDENTIFIER = "com.test.locaweb.ios-trainning-exercise";
				PRODUCT_NAME = "$(TARGET_NAME)";
			};
			name = Debug;
		};
		3B2832CB1BDEB0BB00DA5F46 /* Release */ = {
			isa = XCBuildConfiguration;
			buildSettings = {
				ASSETCATALOG_COMPILER_APPICON_NAME = AppIcon;
				INFOPLIST_FILE = "ios-trainning-exercise/Info.plist";
				LD_RUNPATH_SEARCH_PATHS = "$(inherited) @executable_path/Frameworks";
				PRODUCT_BUNDLE_IDENTIFIER = "com.test.locaweb.ios-trainning-exercise";
				PRODUCT_NAME = "$(TARGET_NAME)";
			};
			name = Release;
		};
		3B2832CD1BDEB0BB00DA5F46 /* Debug */ = {
			isa = XCBuildConfiguration;
			buildSettings = {
				BUNDLE_LOADER = "$(TEST_HOST)";
				INFOPLIST_FILE = "ios-trainning-exerciseTests/Info.plist";
				LD_RUNPATH_SEARCH_PATHS = "$(inherited) @executable_path/Frameworks @loader_path/Frameworks";
				PRODUCT_BUNDLE_IDENTIFIER = "com.test.locaweb.ios-trainning-exerciseTests";
				PRODUCT_NAME = "$(TARGET_NAME)";
				TEST_HOST = "$(BUILT_PRODUCTS_DIR)/ios-trainning-exercise.app/ios-trainning-exercise";
			};
			name = Debug;
		};
		3B2832CE1BDEB0BB00DA5F46 /* Release */ = {
			isa = XCBuildConfiguration;
			buildSettings = {
				BUNDLE_LOADER = "$(TEST_HOST)";
				INFOPLIST_FILE = "ios-trainning-exerciseTests/Info.plist";
				LD_RUNPATH_SEARCH_PATHS = "$(inherited) @executable_path/Frameworks @loader_path/Frameworks";
				PRODUCT_BUNDLE_IDENTIFIER = "com.test.locaweb.ios-trainning-exerciseTests";
				PRODUCT_NAME = "$(TARGET_NAME)";
				TEST_HOST = "$(BUILT_PRODUCTS_DIR)/ios-trainning-exercise.app/ios-trainning-exercise";
			};
			name = Release;
		};
		3B2832D01BDEB0BB00DA5F46 /* Debug */ = {
			isa = XCBuildConfiguration;
			buildSettings = {
				INFOPLIST_FILE = "ios-trainning-exerciseUITests/Info.plist";
				LD_RUNPATH_SEARCH_PATHS = "$(inherited) @executable_path/Frameworks @loader_path/Frameworks";
				PRODUCT_BUNDLE_IDENTIFIER = "com.test.locaweb.ios-trainning-exerciseUITests";
				PRODUCT_NAME = "$(TARGET_NAME)";
				TEST_TARGET_NAME = "ios-trainning-exercise";
				USES_XCTRUNNER = YES;
			};
			name = Debug;
		};
		3B2832D11BDEB0BB00DA5F46 /* Release */ = {
			isa = XCBuildConfiguration;
			buildSettings = {
				INFOPLIST_FILE = "ios-trainning-exerciseUITests/Info.plist";
				LD_RUNPATH_SEARCH_PATHS = "$(inherited) @executable_path/Frameworks @loader_path/Frameworks";
				PRODUCT_BUNDLE_IDENTIFIER = "com.test.locaweb.ios-trainning-exerciseUITests";
				PRODUCT_NAME = "$(TARGET_NAME)";
				TEST_TARGET_NAME = "ios-trainning-exercise";
				USES_XCTRUNNER = YES;
			};
			name = Release;
		};
/* End XCBuildConfiguration section */

/* Begin XCConfigurationList section */
		3B2832971BDEB0BA00DA5F46 /* Build configuration list for PBXProject "ios-trainning-exercise" */ = {
			isa = XCConfigurationList;
			buildConfigurations = (
				3B2832C71BDEB0BB00DA5F46 /* Debug */,
				3B2832C81BDEB0BB00DA5F46 /* Release */,
			);
			defaultConfigurationIsVisible = 0;
			defaultConfigurationName = Release;
		};
		3B2832C91BDEB0BB00DA5F46 /* Build configuration list for PBXNativeTarget "ios-trainning-exercise" */ = {
			isa = XCConfigurationList;
			buildConfigurations = (
				3B2832CA1BDEB0BB00DA5F46 /* Debug */,
				3B2832CB1BDEB0BB00DA5F46 /* Release */,
			);
			defaultConfigurationIsVisible = 0;
		};
		3B2832CC1BDEB0BB00DA5F46 /* Build configuration list for PBXNativeTarget "ios-trainning-exerciseTests" */ = {
			isa = XCConfigurationList;
			buildConfigurations = (
				3B2832CD1BDEB0BB00DA5F46 /* Debug */,
				3B2832CE1BDEB0BB00DA5F46 /* Release */,
			);
			defaultConfigurationIsVisible = 0;
		};
		3B2832CF1BDEB0BB00DA5F46 /* Build configuration list for PBXNativeTarget "ios-trainning-exerciseUITests" */ = {
			isa = XCConfigurationList;
			buildConfigurations = (
				3B2832D01BDEB0BB00DA5F46 /* Debug */,
				3B2832D11BDEB0BB00DA5F46 /* Release */,
			);
			defaultConfigurationIsVisible = 0;
		};
/* End XCConfigurationList section */
	};
	rootObject = 3B2832941BDEB0BA00DA5F46 /* Project object */;
}
